// !$*UTF8*$!
{
	archiveVersion = 1;
	classes = {
	};
	objectVersion = 50;
	objects = {

/* Begin PBXBuildFile section */
		A530C9252215C827002492DC /* AppDelegate.m in Sources */ = {isa = PBXBuildFile; fileRef = A530C9242215C827002492DC /* AppDelegate.m */; };
		A530C9282215C827002492DC /* ViewController.m in Sources */ = {isa = PBXBuildFile; fileRef = A530C9272215C827002492DC /* ViewController.m */; };
		A530C92B2215C827002492DC /* Main.storyboard in Resources */ = {isa = PBXBuildFile; fileRef = A530C9292215C827002492DC /* Main.storyboard */; };
		A530C92D2215C828002492DC /* Assets.xcassets in Resources */ = {isa = PBXBuildFile; fileRef = A530C92C2215C828002492DC /* Assets.xcassets */; };
		A530C9302215C828002492DC /* LaunchScreen.storyboard in Resources */ = {isa = PBXBuildFile; fileRef = A530C92E2215C828002492DC /* LaunchScreen.storyboard */; };
		A530C9332215C828002492DC /* main.m in Sources */ = {isa = PBXBuildFile; fileRef = A530C9322215C828002492DC /* main.m */; };
		A530C93D2215C829002492DC /* CFSocketiOSTests.m in Sources */ = {isa = PBXBuildFile; fileRef = A530C93C2215C829002492DC /* CFSocketiOSTests.m */; };
		A530C9482215C829002492DC /* CFSocketiOSUITests.m in Sources */ = {isa = PBXBuildFile; fileRef = A530C9472215C829002492DC /* CFSocketiOSUITests.m */; };
/* End PBXBuildFile section */

/* Begin PBXContainerItemProxy section */
		A530C9392215C829002492DC /* PBXContainerItemProxy */ = {
			isa = PBXContainerItemProxy;
			containerPortal = A530C9182215C826002492DC /* Project object */;
			proxyType = 1;
			remoteGlobalIDString = A530C91F2215C827002492DC;
			remoteInfo = CFSocketiOS;
		};
		A530C9442215C829002492DC /* PBXContainerItemProxy */ = {
			isa = PBXContainerItemProxy;
			containerPortal = A530C9182215C826002492DC /* Project object */;
			proxyType = 1;
			remoteGlobalIDString = A530C91F2215C827002492DC;
			remoteInfo = CFSocketiOS;
		};
/* End PBXContainerItemProxy section */

/* Begin PBXFileReference section */
		A530C9202215C827002492DC /* CFSocketiOS.app */ = {isa = PBXFileReference; explicitFileType = wrapper.application; includeInIndex = 0; path = CFSocketiOS.app; sourceTree = BUILT_PRODUCTS_DIR; };
		A530C9232215C827002492DC /* AppDelegate.h */ = {isa = PBXFileReference; lastKnownFileType = sourcecode.c.h; path = AppDelegate.h; sourceTree = "<group>"; };
		A530C9242215C827002492DC /* AppDelegate.m */ = {isa = PBXFileReference; lastKnownFileType = sourcecode.c.objc; path = AppDelegate.m; sourceTree = "<group>"; };
		A530C9262215C827002492DC /* ViewController.h */ = {isa = PBXFileReference; lastKnownFileType = sourcecode.c.h; path = ViewController.h; sourceTree = "<group>"; };
		A530C9272215C827002492DC /* ViewController.m */ = {isa = PBXFileReference; lastKnownFileType = sourcecode.c.objc; path = ViewController.m; sourceTree = "<group>"; };
		A530C92A2215C827002492DC /* Base */ = {isa = PBXFileReference; lastKnownFileType = file.storyboard; name = Base; path = Base.lproj/Main.storyboard; sourceTree = "<group>"; };
		A530C92C2215C828002492DC /* Assets.xcassets */ = {isa = PBXFileReference; lastKnownFileType = folder.assetcatalog; path = Assets.xcassets; sourceTree = "<group>"; };
		A530C92F2215C828002492DC /* Base */ = {isa = PBXFileReference; lastKnownFileType = file.storyboard; name = Base; path = Base.lproj/LaunchScreen.storyboard; sourceTree = "<group>"; };
		A530C9312215C828002492DC /* Info.plist */ = {isa = PBXFileReference; lastKnownFileType = text.plist.xml; path = Info.plist; sourceTree = "<group>"; };
		A530C9322215C828002492DC /* main.m */ = {isa = PBXFileReference; lastKnownFileType = sourcecode.c.objc; path = main.m; sourceTree = "<group>"; };
		A530C9382215C829002492DC /* CFSocketiOSTests.xctest */ = {isa = PBXFileReference; explicitFileType = wrapper.cfbundle; includeInIndex = 0; path = CFSocketiOSTests.xctest; sourceTree = BUILT_PRODUCTS_DIR; };
		A530C93C2215C829002492DC /* CFSocketiOSTests.m */ = {isa = PBXFileReference; lastKnownFileType = sourcecode.c.objc; path = CFSocketiOSTests.m; sourceTree = "<group>"; };
		A530C93E2215C829002492DC /* Info.plist */ = {isa = PBXFileReference; lastKnownFileType = text.plist.xml; path = Info.plist; sourceTree = "<group>"; };
		A530C9432215C829002492DC /* CFSocketiOSUITests.xctest */ = {isa = PBXFileReference; explicitFileType = wrapper.cfbundle; includeInIndex = 0; path = CFSocketiOSUITests.xctest; sourceTree = BUILT_PRODUCTS_DIR; };
		A530C9472215C829002492DC /* CFSocketiOSUITests.m */ = {isa = PBXFileReference; lastKnownFileType = sourcecode.c.objc; path = CFSocketiOSUITests.m; sourceTree = "<group>"; };
		A530C9492215C829002492DC /* Info.plist */ = {isa = PBXFileReference; lastKnownFileType = text.plist.xml; path = Info.plist; sourceTree = "<group>"; };
/* End PBXFileReference section */

/* Begin PBXFrameworksBuildPhase section */
		A530C91D2215C827002492DC /* Frameworks */ = {
			isa = PBXFrameworksBuildPhase;
			buildActionMask = 2147483647;
			files = (
			);
			runOnlyForDeploymentPostprocessing = 0;
		};
		A530C9352215C829002492DC /* Frameworks */ = {
			isa = PBXFrameworksBuildPhase;
			buildActionMask = 2147483647;
			files = (
			);
			runOnlyForDeploymentPostprocessing = 0;
		};
		A530C9402215C829002492DC /* Frameworks */ = {
			isa = PBXFrameworksBuildPhase;
			buildActionMask = 2147483647;
			files = (
			);
			runOnlyForDeploymentPostprocessing = 0;
		};
/* End PBXFrameworksBuildPhase section */

/* Begin PBXGroup section */
		A530C9172215C826002492DC = {
			isa = PBXGroup;
			children = (
				A530C9222215C827002492DC /* CFSocketiOS */,
				A530C93B2215C829002492DC /* CFSocketiOSTests */,
				A530C9462215C829002492DC /* CFSocketiOSUITests */,
				A530C9212215C827002492DC /* Products */,
			);
			sourceTree = "<group>";
		};
		A530C9212215C827002492DC /* Products */ = {
			isa = PBXGroup;
			children = (
				A530C9202215C827002492DC /* CFSocketiOS.app */,
				A530C9382215C829002492DC /* CFSocketiOSTests.xctest */,
				A530C9432215C829002492DC /* CFSocketiOSUITests.xctest */,
			);
			name = Products;
			sourceTree = "<group>";
		};
		A530C9222215C827002492DC /* CFSocketiOS */ = {
			isa = PBXGroup;
			children = (
				A530C9232215C827002492DC /* AppDelegate.h */,
				A530C9242215C827002492DC /* AppDelegate.m */,
				A530C9262215C827002492DC /* ViewController.h */,
				A530C9272215C827002492DC /* ViewController.m */,
				A530C9292215C827002492DC /* Main.storyboard */,
				A530C92C2215C828002492DC /* Assets.xcassets */,
				A530C92E2215C828002492DC /* LaunchScreen.storyboard */,
				A530C9312215C828002492DC /* Info.plist */,
				A530C9322215C828002492DC /* main.m */,
			);
			path = CFSocketiOS;
			sourceTree = "<group>";
		};
		A530C93B2215C829002492DC /* CFSocketiOSTests */ = {
			isa = PBXGroup;
			children = (
				A530C93C2215C829002492DC /* CFSocketiOSTests.m */,
				A530C93E2215C829002492DC /* Info.plist */,
			);
			path = CFSocketiOSTests;
			sourceTree = "<group>";
		};
		A530C9462215C829002492DC /* CFSocketiOSUITests */ = {
			isa = PBXGroup;
			children = (
				A530C9472215C829002492DC /* CFSocketiOSUITests.m */,
				A530C9492215C829002492DC /* Info.plist */,
			);
			path = CFSocketiOSUITests;
			sourceTree = "<group>";
		};
/* End PBXGroup section */

/* Begin PBXNativeTarget section */
		A530C91F2215C827002492DC /* CFSocketiOS */ = {
			isa = PBXNativeTarget;
			buildConfigurationList = A530C94C2215C829002492DC /* Build configuration list for PBXNativeTarget "CFSocketiOS" */;
			buildPhases = (
				A530C91C2215C827002492DC /* Sources */,
				A530C91D2215C827002492DC /* Frameworks */,
				A530C91E2215C827002492DC /* Resources */,
			);
			buildRules = (
			);
			dependencies = (
			);
			name = CFSocketiOS;
			productName = CFSocketiOS;
			productReference = A530C9202215C827002492DC /* CFSocketiOS.app */;
			productType = "com.apple.product-type.application";
		};
		A530C9372215C829002492DC /* CFSocketiOSTests */ = {
			isa = PBXNativeTarget;
			buildConfigurationList = A530C94F2215C829002492DC /* Build configuration list for PBXNativeTarget "CFSocketiOSTests" */;
			buildPhases = (
				A530C9342215C829002492DC /* Sources */,
				A530C9352215C829002492DC /* Frameworks */,
				A530C9362215C829002492DC /* Resources */,
			);
			buildRules = (
			);
			dependencies = (
				A530C93A2215C829002492DC /* PBXTargetDependency */,
			);
			name = CFSocketiOSTests;
			productName = CFSocketiOSTests;
			productReference = A530C9382215C829002492DC /* CFSocketiOSTests.xctest */;
			productType = "com.apple.product-type.bundle.unit-test";
		};
		A530C9422215C829002492DC /* CFSocketiOSUITests */ = {
			isa = PBXNativeTarget;
			buildConfigurationList = A530C9522215C829002492DC /* Build configuration list for PBXNativeTarget "CFSocketiOSUITests" */;
			buildPhases = (
				A530C93F2215C829002492DC /* Sources */,
				A530C9402215C829002492DC /* Frameworks */,
				A530C9412215C829002492DC /* Resources */,
			);
			buildRules = (
			);
			dependencies = (
				A530C9452215C829002492DC /* PBXTargetDependency */,
			);
			name = CFSocketiOSUITests;
			productName = CFSocketiOSUITests;
			productReference = A530C9432215C829002492DC /* CFSocketiOSUITests.xctest */;
			productType = "com.apple.product-type.bundle.ui-testing";
		};
/* End PBXNativeTarget section */

/* Begin PBXProject section */
		A530C9182215C826002492DC /* Project object */ = {
			isa = PBXProject;
			attributes = {
				LastUpgradeCheck = 1010;
				ORGANIZATIONNAME = Shuqy;
				TargetAttributes = {
					A530C91F2215C827002492DC = {
						CreatedOnToolsVersion = 10.1;
					};
					A530C9372215C829002492DC = {
						CreatedOnToolsVersion = 10.1;
						TestTargetID = A530C91F2215C827002492DC;
					};
					A530C9422215C829002492DC = {
						CreatedOnToolsVersion = 10.1;
						TestTargetID = A530C91F2215C827002492DC;
					};
				};
			};
			buildConfigurationList = A530C91B2215C826002492DC /* Build configuration list for PBXProject "CFSocketiOS" */;
			compatibilityVersion = "Xcode 9.3";
			developmentRegion = en;
			hasScannedForEncodings = 0;
			knownRegions = (
				en,
				Base,
			);
			mainGroup = A530C9172215C826002492DC;
			productRefGroup = A530C9212215C827002492DC /* Products */;
			projectDirPath = "";
			projectRoot = "";
			targets = (
				A530C91F2215C827002492DC /* CFSocketiOS */,
				A530C9372215C829002492DC /* CFSocketiOSTests */,
				A530C9422215C829002492DC /* CFSocketiOSUITests */,
			);
		};
/* End PBXProject section */

/* Begin PBXResourcesBuildPhase section */
		A530C91E2215C827002492DC /* Resources */ = {
			isa = PBXResourcesBuildPhase;
			buildActionMask = 2147483647;
			files = (
				A530C9302215C828002492DC /* LaunchScreen.storyboard in Resources */,
				A530C92D2215C828002492DC /* Assets.xcassets in Resources */,
				A530C92B2215C827002492DC /* Main.storyboard in Resources */,
			);
			runOnlyForDeploymentPostprocessing = 0;
		};
		A530C9362215C829002492DC /* Resources */ = {
			isa = PBXResourcesBuildPhase;
			buildActionMask = 2147483647;
			files = (
			);
			runOnlyForDeploymentPostprocessing = 0;
		};
		A530C9412215C829002492DC /* Resources */ = {
			isa = PBXResourcesBuildPhase;
			buildActionMask = 2147483647;
			files = (
			);
			runOnlyForDeploymentPostprocessing = 0;
		};
/* End PBXResourcesBuildPhase section */

/* Begin PBXSourcesBuildPhase section */
		A530C91C2215C827002492DC /* Sources */ = {
			isa = PBXSourcesBuildPhase;
			buildActionMask = 2147483647;
			files = (
				A530C9282215C827002492DC /* ViewController.m in Sources */,
				A530C9332215C828002492DC /* main.m in Sources */,
				A530C9252215C827002492DC /* AppDelegate.m in Sources */,
			);
			runOnlyForDeploymentPostprocessing = 0;
		};
		A530C9342215C829002492DC /* Sources */ = {
			isa = PBXSourcesBuildPhase;
			buildActionMask = 2147483647;
			files = (
				A530C93D2215C829002492DC /* CFSocketiOSTests.m in Sources */,
			);
			runOnlyForDeploymentPostprocessing = 0;
		};
		A530C93F2215C829002492DC /* Sources */ = {
			isa = PBXSourcesBuildPhase;
			buildActionMask = 2147483647;
			files = (
				A530C9482215C829002492DC /* CFSocketiOSUITests.m in Sources */,
			);
			runOnlyForDeploymentPostprocessing = 0;
		};
/* End PBXSourcesBuildPhase section */

/* Begin PBXTargetDependency section */
		A530C93A2215C829002492DC /* PBXTargetDependency */ = {
			isa = PBXTargetDependency;
			target = A530C91F2215C827002492DC /* CFSocketiOS */;
			targetProxy = A530C9392215C829002492DC /* PBXContainerItemProxy */;
		};
		A530C9452215C829002492DC /* PBXTargetDependency */ = {
			isa = PBXTargetDependency;
			target = A530C91F2215C827002492DC /* CFSocketiOS */;
			targetProxy = A530C9442215C829002492DC /* PBXContainerItemProxy */;
		};
/* End PBXTargetDependency section */

/* Begin PBXVariantGroup section */
		A530C9292215C827002492DC /* Main.storyboard */ = {
			isa = PBXVariantGroup;
			children = (
				A530C92A2215C827002492DC /* Base */,
			);
			name = Main.storyboard;
			sourceTree = "<group>";
		};
		A530C92E2215C828002492DC /* LaunchScreen.storyboard */ = {
			isa = PBXVariantGroup;
			children = (
				A530C92F2215C828002492DC /* Base */,
			);
			name = LaunchScreen.storyboard;
			sourceTree = "<group>";
		};
/* End PBXVariantGroup section */

/* Begin XCBuildConfiguration section */
		A530C94A2215C829002492DC /* Debug */ = {
			isa = XCBuildConfiguration;
			buildSettings = {
				ALWAYS_SEARCH_USER_PATHS = NO;
				CLANG_ANALYZER_NONNULL = YES;
				CLANG_ANALYZER_NUMBER_OBJECT_CONVERSION = YES_AGGRESSIVE;
				CLANG_CXX_LANGUAGE_STANDARD = "gnu++14";
				CLANG_CXX_LIBRARY = "libc++";
				CLANG_ENABLE_MODULES = YES;
				CLANG_ENABLE_OBJC_ARC = YES;
				CLANG_ENABLE_OBJC_WEAK = YES;
				CLANG_WARN_BLOCK_CAPTURE_AUTORELEASING = YES;
				CLANG_WARN_BOOL_CONVERSION = YES;
				CLANG_WARN_COMMA = YES;
				CLANG_WARN_CONSTANT_CONVERSION = YES;
				CLANG_WARN_DEPRECATED_OBJC_IMPLEMENTATIONS = YES;
				CLANG_WARN_DIRECT_OBJC_ISA_USAGE = YES_ERROR;
				CLANG_WARN_DOCUMENTATION_COMMENTS = YES;
				CLANG_WARN_EMPTY_BODY = YES;
				CLANG_WARN_ENUM_CONVERSION = YES;
				CLANG_WARN_INFINITE_RECURSION = YES;
				CLANG_WARN_INT_CONVERSION = YES;
				CLANG_WARN_NON_LITERAL_NULL_CONVERSION = YES;
				CLANG_WARN_OBJC_IMPLICIT_RETAIN_SELF = YES;
				CLANG_WARN_OBJC_LITERAL_CONVERSION = YES;
				CLANG_WARN_OBJC_ROOT_CLASS = YES_ERROR;
				CLANG_WARN_RANGE_LOOP_ANALYSIS = YES;
				CLANG_WARN_STRICT_PROTOTYPES = YES;
				CLANG_WARN_SUSPICIOUS_MOVE = YES;
				CLANG_WARN_UNGUARDED_AVAILABILITY = YES_AGGRESSIVE;
				CLANG_WARN_UNREACHABLE_CODE = YES;
				CLANG_WARN__DUPLICATE_METHOD_MATCH = YES;
				CODE_SIGN_IDENTITY = "iPhone Developer";
				COPY_PHASE_STRIP = NO;
				DEBUG_INFORMATION_FORMAT = dwarf;
				ENABLE_STRICT_OBJC_MSGSEND = YES;
				ENABLE_TESTABILITY = YES;
				GCC_C_LANGUAGE_STANDARD = gnu11;
				GCC_DYNAMIC_NO_PIC = NO;
				GCC_NO_COMMON_BLOCKS = YES;
				GCC_OPTIMIZATION_LEVEL = 0;
				GCC_PREPROCESSOR_DEFINITIONS = (
					"DEBUG=1",
					"$(inherited)",
				);
				GCC_WARN_64_TO_32_BIT_CONVERSION = YES;
				GCC_WARN_ABOUT_RETURN_TYPE = YES_ERROR;
				GCC_WARN_UNDECLARED_SELECTOR = YES;
				GCC_WARN_UNINITIALIZED_AUTOS = YES_AGGRESSIVE;
				GCC_WARN_UNUSED_FUNCTION = YES;
				GCC_WARN_UNUSED_VARIABLE = YES;
				IPHONEOS_DEPLOYMENT_TARGET = 12.1;
				MTL_ENABLE_DEBUG_INFO = INCLUDE_SOURCE;
				MTL_FAST_MATH = YES;
				ONLY_ACTIVE_ARCH = YES;
				SDKROOT = iphoneos;
			};
			name = Debug;
		};
		A530C94B2215C829002492DC /* Release */ = {
			isa = XCBuildConfiguration;
			buildSettings = {
				ALWAYS_SEARCH_USER_PATHS = NO;
				CLANG_ANALYZER_NONNULL = YES;
				CLANG_ANALYZER_NUMBER_OBJECT_CONVERSION = YES_AGGRESSIVE;
				CLANG_CXX_LANGUAGE_STANDARD = "gnu++14";
				CLANG_CXX_LIBRARY = "libc++";
				CLANG_ENABLE_MODULES = YES;
				CLANG_ENABLE_OBJC_ARC = YES;
				CLANG_ENABLE_OBJC_WEAK = YES;
				CLANG_WARN_BLOCK_CAPTURE_AUTORELEASING = YES;
				CLANG_WARN_BOOL_CONVERSION = YES;
				CLANG_WARN_COMMA = YES;
				CLANG_WARN_CONSTANT_CONVERSION = YES;
				CLANG_WARN_DEPRECATED_OBJC_IMPLEMENTATIONS = YES;
				CLANG_WARN_DIRECT_OBJC_ISA_USAGE = YES_ERROR;
				CLANG_WARN_DOCUMENTATION_COMMENTS = YES;
				CLANG_WARN_EMPTY_BODY = YES;
				CLANG_WARN_ENUM_CONVERSION = YES;
				CLANG_WARN_INFINITE_RECURSION = YES;
				CLANG_WARN_INT_CONVERSION = YES;
				CLANG_WARN_NON_LITERAL_NULL_CONVERSION = YES;
				CLANG_WARN_OBJC_IMPLICIT_RETAIN_SELF = YES;
				CLANG_WARN_OBJC_LITERAL_CONVERSION = YES;
				CLANG_WARN_OBJC_ROOT_CLASS = YES_ERROR;
				CLANG_WARN_RANGE_LOOP_ANALYSIS = YES;
				CLANG_WARN_STRICT_PROTOTYPES = YES;
				CLANG_WARN_SUSPICIOUS_MOVE = YES;
				CLANG_WARN_UNGUARDED_AVAILABILITY = YES_AGGRESSIVE;
				CLANG_WARN_UNREACHABLE_CODE = YES;
				CLANG_WARN__DUPLICATE_METHOD_MATCH = YES;
				CODE_SIGN_IDENTITY = "iPhone Developer";
				COPY_PHASE_STRIP = NO;
				DEBUG_INFORMATION_FORMAT = "dwarf-with-dsym";
				ENABLE_NS_ASSERTIONS = NO;
				ENABLE_STRICT_OBJC_MSGSEND = YES;
				GCC_C_LANGUAGE_STANDARD = gnu11;
				GCC_NO_COMMON_BLOCKS = YES;
				GCC_WARN_64_TO_32_BIT_CONVERSION = YES;
				GCC_WARN_ABOUT_RETURN_TYPE = YES_ERROR;
				GCC_WARN_UNDECLARED_SELECTOR = YES;
				GCC_WARN_UNINITIALIZED_AUTOS = YES_AGGRESSIVE;
				GCC_WARN_UNUSED_FUNCTION = YES;
				GCC_WARN_UNUSED_VARIABLE = YES;
				IPHONEOS_DEPLOYMENT_TARGET = 12.1;
				MTL_ENABLE_DEBUG_INFO = NO;
				MTL_FAST_MATH = YES;
				SDKROOT = iphoneos;
				VALIDATE_PRODUCT = YES;
			};
			name = Release;
		};
		A530C94D2215C829002492DC /* Debug */ = {
			isa = XCBuildConfiguration;
			buildSettings = {
				ASSETCATALOG_COMPILER_APPICON_NAME = AppIcon;
				CODE_SIGN_STYLE = Automatic;
				INFOPLIST_FILE = CFSocketiOS/Info.plist;
				LD_RUNPATH_SEARCH_PATHS = (
					"$(inherited)",
					"@executable_path/Frameworks",
				);
				PRODUCT_BUNDLE_IDENTIFIER = shuqy.CFSocketiOS;
				PRODUCT_NAME = "$(TARGET_NAME)";
				TARGETED_DEVICE_FAMILY = "1,2";
			};
			name = Debug;
		};
		A530C94E2215C829002492DC /* Release */ = {
			isa = XCBuildConfiguration;
			buildSettings = {
				ASSETCATALOG_COMPILER_APPICON_NAME = AppIcon;
				CODE_SIGN_STYLE = Automatic;
				INFOPLIST_FILE = CFSocketiOS/Info.plist;
				LD_RUNPATH_SEARCH_PATHS = (
					"$(inherited)",
					"@executable_path/Frameworks",
				);
				PRODUCT_BUNDLE_IDENTIFIER = shuqy.CFSocketiOS;
				PRODUCT_NAME = "$(TARGET_NAME)";
				TARGETED_DEVICE_FAMILY = "1,2";
			};
			name = Release;
		};
		A530C9502215C829002492DC /* Debug */ = {
			isa = XCBuildConfiguration;
			buildSettings = {
				BUNDLE_LOADER = "$(TEST_HOST)";
				CODE_SIGN_STYLE = Automatic;
				INFOPLIST_FILE = CFSocketiOSTests/Info.plist;
				LD_RUNPATH_SEARCH_PATHS = (
					"$(inherited)",
					"@executable_path/Frameworks",
					"@loader_path/Frameworks",
				);
				PRODUCT_BUNDLE_IDENTIFIER = shuqy.CFSocketiOSTests;
				PRODUCT_NAME = "$(TARGET_NAME)";
				TARGETED_DEVICE_FAMILY = "1,2";
				TEST_HOST = "$(BUILT_PRODUCTS_DIR)/CFSocketiOS.app/CFSocketiOS";
			};
			name = Debug;
		};
		A530C9512215C829002492DC /* Release */ = {
			isa = XCBuildConfiguration;
			buildSettings = {
				BUNDLE_LOADER = "$(TEST_HOST)";
				CODE_SIGN_STYLE = Automatic;
				INFOPLIST_FILE = CFSocketiOSTests/Info.plist;
				LD_RUNPATH_SEARCH_PATHS = (
					"$(inherited)",
					"@executable_path/Frameworks",
					"@loader_path/Frameworks",
				);
				PRODUCT_BUNDLE_IDENTIFIER = shuqy.CFSocketiOSTests;
				PRODUCT_NAME = "$(TARGET_NAME)";
				TARGETED_DEVICE_FAMILY = "1,2";
				TEST_HOST = "$(BUILT_PRODUCTS_DIR)/CFSocketiOS.app/CFSocketiOS";
			};
			name = Release;
		};
		A530C9532215C829002492DC /* Debug */ = {
			isa = XCBuildConfiguration;
			buildSettings = {
				CODE_SIGN_STYLE = Automatic;
				INFOPLIST_FILE = CFSocketiOSUITests/Info.plist;
				LD_RUNPATH_SEARCH_PATHS = (
					"$(inherited)",
					"@executable_path/Frameworks",
					"@loader_path/Frameworks",
				);
				PRODUCT_BUNDLE_IDENTIFIER = shuqy.CFSocketiOSUITests;
				PRODUCT_NAME = "$(TARGET_NAME)";
				TARGETED_DEVICE_FAMILY = "1,2";
				TEST_TARGET_NAME = CFSocketiOS;
			};
			name = Debug;
		};
		A530C9542215C829002492DC /* Release */ = {
			isa = XCBuildConfiguration;
			buildSettings = {
				CODE_SIGN_STYLE = Automatic;
				INFOPLIST_FILE = CFSocketiOSUITests/Info.plist;
				LD_RUNPATH_SEARCH_PATHS = (
					"$(inherited)",
					"@executable_path/Frameworks",
					"@loader_path/Frameworks",
				);
				PRODUCT_BUNDLE_IDENTIFIER = shuqy.CFSocketiOSUITests;
				PRODUCT_NAME = "$(TARGET_NAME)";
				TARGETED_DEVICE_FAMILY = "1,2";
				TEST_TARGET_NAME = CFSocketiOS;
			};
			name = Release;
		};
/* End XCBuildConfiguration section */

/* Begin XCConfigurationList section */
		A530C91B2215C826002492DC /* Build configuration list for PBXProject "CFSocketiOS" */ = {
			isa = XCConfigurationList;
			buildConfigurations = (
				A530C94A2215C829002492DC /* Debug */,
				A530C94B2215C829002492DC /* Release */,
			);
			defaultConfigurationIsVisible = 0;
			defaultConfigurationName = Release;
		};
		A530C94C2215C829002492DC /* Build configuration list for PBXNativeTarget "CFSocketiOS" */ = {
			isa = XCConfigurationList;
			buildConfigurations = (
				A530C94D2215C829002492DC /* Debug */,
				A530C94E2215C829002492DC /* Release */,
			);
			defaultConfigurationIsVisible = 0;
			defaultConfigurationName = Release;
		};
		A530C94F2215C829002492DC /* Build configuration list for PBXNativeTarget "CFSocketiOSTests" */ = {
			isa = XCConfigurationList;
			buildConfigurations = (
				A530C9502215C829002492DC /* Debug */,
				A530C9512215C829002492DC /* Release */,
			);
			defaultConfigurationIsVisible = 0;
			defaultConfigurationName = Release;
		};
		A530C9522215C829002492DC /* Build configuration list for PBXNativeTarget "CFSocketiOSUITests" */ = {
			isa = XCConfigurationList;
			buildConfigurations = (
				A530C9532215C829002492DC /* Debug */,
				A530C9542215C829002492DC /* Release */,
			);
			defaultConfigurationIsVisible = 0;
			defaultConfigurationName = Release;
		};
/* End XCConfigurationList section */
	};
	rootObject = A530C9182215C826002492DC /* Project object */;
}
