// !$*UTF8*$!
{
	archiveVersion = 1;
	classes = {
	};
	objectVersion = 50;
	objects = {

/* Begin PBXBuildFile section */
		A530CAAD2216E5AA002492DC /* AppDelegate.m in Sources */ = {isa = PBXBuildFile; fileRef = A530CAAC2216E5AA002492DC /* AppDelegate.m */; };
		A530CAB02216E5AA002492DC /* ViewController.m in Sources */ = {isa = PBXBuildFile; fileRef = A530CAAF2216E5AA002492DC /* ViewController.m */; };
		A530CAB32216E5AA002492DC /* Main.storyboard in Resources */ = {isa = PBXBuildFile; fileRef = A530CAB12216E5AA002492DC /* Main.storyboard */; };
		A530CAB52216E5AC002492DC /* Assets.xcassets in Resources */ = {isa = PBXBuildFile; fileRef = A530CAB42216E5AC002492DC /* Assets.xcassets */; };
		A530CAB82216E5AC002492DC /* LaunchScreen.storyboard in Resources */ = {isa = PBXBuildFile; fileRef = A530CAB62216E5AC002492DC /* LaunchScreen.storyboard */; };
		A530CABB2216E5AC002492DC /* main.m in Sources */ = {isa = PBXBuildFile; fileRef = A530CABA2216E5AC002492DC /* main.m */; };
		A530CAC52216E5AC002492DC /* AsyncSocketiOSTests.m in Sources */ = {isa = PBXBuildFile; fileRef = A530CAC42216E5AC002492DC /* AsyncSocketiOSTests.m */; };
		A530CAD02216E5AC002492DC /* AsyncSocketiOSUITests.m in Sources */ = {isa = PBXBuildFile; fileRef = A530CACF2216E5AC002492DC /* AsyncSocketiOSUITests.m */; };
		A530CAE82216EC7E002492DC /* GCDAsyncSocket.m in Sources */ = {isa = PBXBuildFile; fileRef = A530CAE52216EC7E002492DC /* GCDAsyncSocket.m */; };
		A530CAE92216EC7E002492DC /* GCDAsyncUdpSocket.m in Sources */ = {isa = PBXBuildFile; fileRef = A530CAE72216EC7E002492DC /* GCDAsyncUdpSocket.m */; };
/* End PBXBuildFile section */

/* Begin PBXContainerItemProxy section */
		A530CAC12216E5AC002492DC /* PBXContainerItemProxy */ = {
			isa = PBXContainerItemProxy;
			containerPortal = A530CAA02216E5AA002492DC /* Project object */;
			proxyType = 1;
			remoteGlobalIDString = A530CAA72216E5AA002492DC;
			remoteInfo = AsyncSocketiOS;
		};
		A530CACC2216E5AC002492DC /* PBXContainerItemProxy */ = {
			isa = PBXContainerItemProxy;
			containerPortal = A530CAA02216E5AA002492DC /* Project object */;
			proxyType = 1;
			remoteGlobalIDString = A530CAA72216E5AA002492DC;
			remoteInfo = AsyncSocketiOS;
		};
/* End PBXContainerItemProxy section */

/* Begin PBXFileReference section */
		A530CAA82216E5AA002492DC /* AsyncSocketiOS.app */ = {isa = PBXFileReference; explicitFileType = wrapper.application; includeInIndex = 0; path = AsyncSocketiOS.app; sourceTree = BUILT_PRODUCTS_DIR; };
		A530CAAB2216E5AA002492DC /* AppDelegate.h */ = {isa = PBXFileReference; lastKnownFileType = sourcecode.c.h; path = AppDelegate.h; sourceTree = "<group>"; };
		A530CAAC2216E5AA002492DC /* AppDelegate.m */ = {isa = PBXFileReference; lastKnownFileType = sourcecode.c.objc; path = AppDelegate.m; sourceTree = "<group>"; };
		A530CAAE2216E5AA002492DC /* ViewController.h */ = {isa = PBXFileReference; lastKnownFileType = sourcecode.c.h; path = ViewController.h; sourceTree = "<group>"; };
		A530CAAF2216E5AA002492DC /* ViewController.m */ = {isa = PBXFileReference; lastKnownFileType = sourcecode.c.objc; path = ViewController.m; sourceTree = "<group>"; };
		A530CAB22216E5AA002492DC /* Base */ = {isa = PBXFileReference; lastKnownFileType = file.storyboard; name = Base; path = Base.lproj/Main.storyboard; sourceTree = "<group>"; };
		A530CAB42216E5AC002492DC /* Assets.xcassets */ = {isa = PBXFileReference; lastKnownFileType = folder.assetcatalog; path = Assets.xcassets; sourceTree = "<group>"; };
		A530CAB72216E5AC002492DC /* Base */ = {isa = PBXFileReference; lastKnownFileType = file.storyboard; name = Base; path = Base.lproj/LaunchScreen.storyboard; sourceTree = "<group>"; };
		A530CAB92216E5AC002492DC /* Info.plist */ = {isa = PBXFileReference; lastKnownFileType = text.plist.xml; path = Info.plist; sourceTree = "<group>"; };
		A530CABA2216E5AC002492DC /* main.m */ = {isa = PBXFileReference; lastKnownFileType = sourcecode.c.objc; path = main.m; sourceTree = "<group>"; };
		A530CAC02216E5AC002492DC /* AsyncSocketiOSTests.xctest */ = {isa = PBXFileReference; explicitFileType = wrapper.cfbundle; includeInIndex = 0; path = AsyncSocketiOSTests.xctest; sourceTree = BUILT_PRODUCTS_DIR; };
		A530CAC42216E5AC002492DC /* AsyncSocketiOSTests.m */ = {isa = PBXFileReference; lastKnownFileType = sourcecode.c.objc; path = AsyncSocketiOSTests.m; sourceTree = "<group>"; };
		A530CAC62216E5AC002492DC /* Info.plist */ = {isa = PBXFileReference; lastKnownFileType = text.plist.xml; path = Info.plist; sourceTree = "<group>"; };
		A530CACB2216E5AC002492DC /* AsyncSocketiOSUITests.xctest */ = {isa = PBXFileReference; explicitFileType = wrapper.cfbundle; includeInIndex = 0; path = AsyncSocketiOSUITests.xctest; sourceTree = BUILT_PRODUCTS_DIR; };
		A530CACF2216E5AC002492DC /* AsyncSocketiOSUITests.m */ = {isa = PBXFileReference; lastKnownFileType = sourcecode.c.objc; path = AsyncSocketiOSUITests.m; sourceTree = "<group>"; };
		A530CAD12216E5AC002492DC /* Info.plist */ = {isa = PBXFileReference; lastKnownFileType = text.plist.xml; path = Info.plist; sourceTree = "<group>"; };
		A530CAE42216EC7E002492DC /* GCDAsyncUdpSocket.h */ = {isa = PBXFileReference; fileEncoding = 4; lastKnownFileType = sourcecode.c.h; path = GCDAsyncUdpSocket.h; sourceTree = "<group>"; };
		A530CAE52216EC7E002492DC /* GCDAsyncSocket.m */ = {isa = PBXFileReference; fileEncoding = 4; lastKnownFileType = sourcecode.c.objc; path = GCDAsyncSocket.m; sourceTree = "<group>"; };
		A530CAE62216EC7E002492DC /* GCDAsyncSocket.h */ = {isa = PBXFileReference; fileEncoding = 4; lastKnownFileType = sourcecode.c.h; path = GCDAsyncSocket.h; sourceTree = "<group>"; };
		A530CAE72216EC7E002492DC /* GCDAsyncUdpSocket.m */ = {isa = PBXFileReference; fileEncoding = 4; lastKnownFileType = sourcecode.c.objc; path = GCDAsyncUdpSocket.m; sourceTree = "<group>"; };
/* End PBXFileReference section */

/* Begin PBXFrameworksBuildPhase section */
		A530CAA52216E5AA002492DC /* Frameworks */ = {
			isa = PBXFrameworksBuildPhase;
			buildActionMask = 2147483647;
			files = (
			);
			runOnlyForDeploymentPostprocessing = 0;
		};
		A530CABD2216E5AC002492DC /* Frameworks */ = {
			isa = PBXFrameworksBuildPhase;
			buildActionMask = 2147483647;
			files = (
			);
			runOnlyForDeploymentPostprocessing = 0;
		};
		A530CAC82216E5AC002492DC /* Frameworks */ = {
			isa = PBXFrameworksBuildPhase;
			buildActionMask = 2147483647;
			files = (
			);
			runOnlyForDeploymentPostprocessing = 0;
		};
/* End PBXFrameworksBuildPhase section */

/* Begin PBXGroup section */
		A530CA9F2216E5AA002492DC = {
			isa = PBXGroup;
			children = (
				A530CAAA2216E5AA002492DC /* AsyncSocketiOS */,
				A530CAC32216E5AC002492DC /* AsyncSocketiOSTests */,
				A530CACE2216E5AC002492DC /* AsyncSocketiOSUITests */,
				A530CAA92216E5AA002492DC /* Products */,
			);
			sourceTree = "<group>";
		};
		A530CAA92216E5AA002492DC /* Products */ = {
			isa = PBXGroup;
			children = (
				A530CAA82216E5AA002492DC /* AsyncSocketiOS.app */,
				A530CAC02216E5AC002492DC /* AsyncSocketiOSTests.xctest */,
				A530CACB2216E5AC002492DC /* AsyncSocketiOSUITests.xctest */,
			);
			name = Products;
			sourceTree = "<group>";
		};
		A530CAAA2216E5AA002492DC /* AsyncSocketiOS */ = {
			isa = PBXGroup;
			children = (
				A530CADD2216E74B002492DC /* ASyncSocket */,
				A530CAAB2216E5AA002492DC /* AppDelegate.h */,
				A530CAAC2216E5AA002492DC /* AppDelegate.m */,
				A530CAAE2216E5AA002492DC /* ViewController.h */,
				A530CAAF2216E5AA002492DC /* ViewController.m */,
				A530CAB12216E5AA002492DC /* Main.storyboard */,
				A530CAB42216E5AC002492DC /* Assets.xcassets */,
				A530CAB62216E5AC002492DC /* LaunchScreen.storyboard */,
				A530CAB92216E5AC002492DC /* Info.plist */,
				A530CABA2216E5AC002492DC /* main.m */,
			);
			path = AsyncSocketiOS;
			sourceTree = "<group>";
		};
		A530CAC32216E5AC002492DC /* AsyncSocketiOSTests */ = {
			isa = PBXGroup;
			children = (
				A530CAC42216E5AC002492DC /* AsyncSocketiOSTests.m */,
				A530CAC62216E5AC002492DC /* Info.plist */,
			);
			path = AsyncSocketiOSTests;
			sourceTree = "<group>";
		};
		A530CACE2216E5AC002492DC /* AsyncSocketiOSUITests */ = {
			isa = PBXGroup;
			children = (
				A530CACF2216E5AC002492DC /* AsyncSocketiOSUITests.m */,
				A530CAD12216E5AC002492DC /* Info.plist */,
			);
			path = AsyncSocketiOSUITests;
			sourceTree = "<group>";
		};
		A530CADD2216E74B002492DC /* ASyncSocket */ = {
			isa = PBXGroup;
			children = (
				A530CAE62216EC7E002492DC /* GCDAsyncSocket.h */,
				A530CAE52216EC7E002492DC /* GCDAsyncSocket.m */,
				A530CAE42216EC7E002492DC /* GCDAsyncUdpSocket.h */,
				A530CAE72216EC7E002492DC /* GCDAsyncUdpSocket.m */,
			);
			path = ASyncSocket;
			sourceTree = "<group>";
		};
/* End PBXGroup section */

/* Begin PBXNativeTarget section */
		A530CAA72216E5AA002492DC /* AsyncSocketiOS */ = {
			isa = PBXNativeTarget;
			buildConfigurationList = A530CAD42216E5AC002492DC /* Build configuration list for PBXNativeTarget "AsyncSocketiOS" */;
			buildPhases = (
				A530CAA42216E5AA002492DC /* Sources */,
				A530CAA52216E5AA002492DC /* Frameworks */,
				A530CAA62216E5AA002492DC /* Resources */,
			);
			buildRules = (
			);
			dependencies = (
			);
			name = AsyncSocketiOS;
			productName = AsyncSocketiOS;
			productReference = A530CAA82216E5AA002492DC /* AsyncSocketiOS.app */;
			productType = "com.apple.product-type.application";
		};
		A530CABF2216E5AC002492DC /* AsyncSocketiOSTests */ = {
			isa = PBXNativeTarget;
			buildConfigurationList = A530CAD72216E5AC002492DC /* Build configuration list for PBXNativeTarget "AsyncSocketiOSTests" */;
			buildPhases = (
				A530CABC2216E5AC002492DC /* Sources */,
				A530CABD2216E5AC002492DC /* Frameworks */,
				A530CABE2216E5AC002492DC /* Resources */,
			);
			buildRules = (
			);
			dependencies = (
				A530CAC22216E5AC002492DC /* PBXTargetDependency */,
			);
			name = AsyncSocketiOSTests;
			productName = AsyncSocketiOSTests;
			productReference = A530CAC02216E5AC002492DC /* AsyncSocketiOSTests.xctest */;
			productType = "com.apple.product-type.bundle.unit-test";
		};
		A530CACA2216E5AC002492DC /* AsyncSocketiOSUITests */ = {
			isa = PBXNativeTarget;
			buildConfigurationList = A530CADA2216E5AC002492DC /* Build configuration list for PBXNativeTarget "AsyncSocketiOSUITests" */;
			buildPhases = (
				A530CAC72216E5AC002492DC /* Sources */,
				A530CAC82216E5AC002492DC /* Frameworks */,
				A530CAC92216E5AC002492DC /* Resources */,
			);
			buildRules = (
			);
			dependencies = (
				A530CACD2216E5AC002492DC /* PBXTargetDependency */,
			);
			name = AsyncSocketiOSUITests;
			productName = AsyncSocketiOSUITests;
			productReference = A530CACB2216E5AC002492DC /* AsyncSocketiOSUITests.xctest */;
			productType = "com.apple.product-type.bundle.ui-testing";
		};
/* End PBXNativeTarget section */

/* Begin PBXProject section */
		A530CAA02216E5AA002492DC /* Project object */ = {
			isa = PBXProject;
			attributes = {
				LastUpgradeCheck = 1010;
				ORGANIZATIONNAME = Shuqy;
				TargetAttributes = {
					A530CAA72216E5AA002492DC = {
						CreatedOnToolsVersion = 10.1;
					};
					A530CABF2216E5AC002492DC = {
						CreatedOnToolsVersion = 10.1;
						TestTargetID = A530CAA72216E5AA002492DC;
					};
					A530CACA2216E5AC002492DC = {
						CreatedOnToolsVersion = 10.1;
						TestTargetID = A530CAA72216E5AA002492DC;
					};
				};
			};
			buildConfigurationList = A530CAA32216E5AA002492DC /* Build configuration list for PBXProject "AsyncSocketiOS" */;
			compatibilityVersion = "Xcode 9.3";
			developmentRegion = en;
			hasScannedForEncodings = 0;
			knownRegions = (
				en,
				Base,
			);
			mainGroup = A530CA9F2216E5AA002492DC;
			productRefGroup = A530CAA92216E5AA002492DC /* Products */;
			projectDirPath = "";
			projectRoot = "";
			targets = (
				A530CAA72216E5AA002492DC /* AsyncSocketiOS */,
				A530CABF2216E5AC002492DC /* AsyncSocketiOSTests */,
				A530CACA2216E5AC002492DC /* AsyncSocketiOSUITests */,
			);
		};
/* End PBXProject section */

/* Begin PBXResourcesBuildPhase section */
		A530CAA62216E5AA002492DC /* Resources */ = {
			isa = PBXResourcesBuildPhase;
			buildActionMask = 2147483647;
			files = (
				A530CAB82216E5AC002492DC /* LaunchScreen.storyboard in Resources */,
				A530CAB52216E5AC002492DC /* Assets.xcassets in Resources */,
				A530CAB32216E5AA002492DC /* Main.storyboard in Resources */,
			);
			runOnlyForDeploymentPostprocessing = 0;
		};
		A530CABE2216E5AC002492DC /* Resources */ = {
			isa = PBXResourcesBuildPhase;
			buildActionMask = 2147483647;
			files = (
			);
			runOnlyForDeploymentPostprocessing = 0;
		};
		A530CAC92216E5AC002492DC /* Resources */ = {
			isa = PBXResourcesBuildPhase;
			buildActionMask = 2147483647;
			files = (
			);
			runOnlyForDeploymentPostprocessing = 0;
		};
/* End PBXResourcesBuildPhase section */

/* Begin PBXSourcesBuildPhase section */
		A530CAA42216E5AA002492DC /* Sources */ = {
			isa = PBXSourcesBuildPhase;
			buildActionMask = 2147483647;
			files = (
				A530CAE82216EC7E002492DC /* GCDAsyncSocket.m in Sources */,
				A530CAE92216EC7E002492DC /* GCDAsyncUdpSocket.m in Sources */,
				A530CAB02216E5AA002492DC /* ViewController.m in Sources */,
				A530CABB2216E5AC002492DC /* main.m in Sources */,
				A530CAAD2216E5AA002492DC /* AppDelegate.m in Sources */,
			);
			runOnlyForDeploymentPostprocessing = 0;
		};
		A530CABC2216E5AC002492DC /* Sources */ = {
			isa = PBXSourcesBuildPhase;
			buildActionMask = 2147483647;
			files = (
				A530CAC52216E5AC002492DC /* AsyncSocketiOSTests.m in Sources */,
			);
			runOnlyForDeploymentPostprocessing = 0;
		};
		A530CAC72216E5AC002492DC /* Sources */ = {
			isa = PBXSourcesBuildPhase;
			buildActionMask = 2147483647;
			files = (
				A530CAD02216E5AC002492DC /* AsyncSocketiOSUITests.m in Sources */,
			);
			runOnlyForDeploymentPostprocessing = 0;
		};
/* End PBXSourcesBuildPhase section */

/* Begin PBXTargetDependency section */
		A530CAC22216E5AC002492DC /* PBXTargetDependency */ = {
			isa = PBXTargetDependency;
			target = A530CAA72216E5AA002492DC /* AsyncSocketiOS */;
			targetProxy = A530CAC12216E5AC002492DC /* PBXContainerItemProxy */;
		};
		A530CACD2216E5AC002492DC /* PBXTargetDependency */ = {
			isa = PBXTargetDependency;
			target = A530CAA72216E5AA002492DC /* AsyncSocketiOS */;
			targetProxy = A530CACC2216E5AC002492DC /* PBXContainerItemProxy */;
		};
/* End PBXTargetDependency section */

/* Begin PBXVariantGroup section */
		A530CAB12216E5AA002492DC /* Main.storyboard */ = {
			isa = PBXVariantGroup;
			children = (
				A530CAB22216E5AA002492DC /* Base */,
			);
			name = Main.storyboard;
			sourceTree = "<group>";
		};
		A530CAB62216E5AC002492DC /* LaunchScreen.storyboard */ = {
			isa = PBXVariantGroup;
			children = (
				A530CAB72216E5AC002492DC /* Base */,
			);
			name = LaunchScreen.storyboard;
			sourceTree = "<group>";
		};
/* End PBXVariantGroup section */

/* Begin XCBuildConfiguration section */
		A530CAD22216E5AC002492DC /* Debug */ = {
			isa = XCBuildConfiguration;
			buildSettings = {
				ALWAYS_SEARCH_USER_PATHS = NO;
				CLANG_ANALYZER_NONNULL = YES;
				CLANG_ANALYZER_NUMBER_OBJECT_CONVERSION = YES_AGGRESSIVE;
				CLANG_CXX_LANGUAGE_STANDARD = "gnu++14";
				CLANG_CXX_LIBRARY = "libc++";
				CLANG_ENABLE_MODULES = YES;
				CLANG_ENABLE_OBJC_ARC = YES;
				CLANG_ENABLE_OBJC_WEAK = YES;
				CLANG_WARN_BLOCK_CAPTURE_AUTORELEASING = YES;
				CLANG_WARN_BOOL_CONVERSION = YES;
				CLANG_WARN_COMMA = YES;
				CLANG_WARN_CONSTANT_CONVERSION = YES;
				CLANG_WARN_DEPRECATED_OBJC_IMPLEMENTATIONS = YES;
				CLANG_WARN_DIRECT_OBJC_ISA_USAGE = YES_ERROR;
				CLANG_WARN_DOCUMENTATION_COMMENTS = YES;
				CLANG_WARN_EMPTY_BODY = YES;
				CLANG_WARN_ENUM_CONVERSION = YES;
				CLANG_WARN_INFINITE_RECURSION = YES;
				CLANG_WARN_INT_CONVERSION = YES;
				CLANG_WARN_NON_LITERAL_NULL_CONVERSION = YES;
				CLANG_WARN_OBJC_IMPLICIT_RETAIN_SELF = YES;
				CLANG_WARN_OBJC_LITERAL_CONVERSION = YES;
				CLANG_WARN_OBJC_ROOT_CLASS = YES_ERROR;
				CLANG_WARN_RANGE_LOOP_ANALYSIS = YES;
				CLANG_WARN_STRICT_PROTOTYPES = YES;
				CLANG_WARN_SUSPICIOUS_MOVE = YES;
				CLANG_WARN_UNGUARDED_AVAILABILITY = YES_AGGRESSIVE;
				CLANG_WARN_UNREACHABLE_CODE = YES;
				CLANG_WARN__DUPLICATE_METHOD_MATCH = YES;
				CODE_SIGN_IDENTITY = "iPhone Developer";
				COPY_PHASE_STRIP = NO;
				DEBUG_INFORMATION_FORMAT = dwarf;
				ENABLE_STRICT_OBJC_MSGSEND = YES;
				ENABLE_TESTABILITY = YES;
				GCC_C_LANGUAGE_STANDARD = gnu11;
				GCC_DYNAMIC_NO_PIC = NO;
				GCC_NO_COMMON_BLOCKS = YES;
				GCC_OPTIMIZATION_LEVEL = 0;
				GCC_PREPROCESSOR_DEFINITIONS = (
					"DEBUG=1",
					"$(inherited)",
				);
				GCC_WARN_64_TO_32_BIT_CONVERSION = YES;
				GCC_WARN_ABOUT_RETURN_TYPE = YES_ERROR;
				GCC_WARN_UNDECLARED_SELECTOR = YES;
				GCC_WARN_UNINITIALIZED_AUTOS = YES_AGGRESSIVE;
				GCC_WARN_UNUSED_FUNCTION = YES;
				GCC_WARN_UNUSED_VARIABLE = YES;
				IPHONEOS_DEPLOYMENT_TARGET = 12.1;
				MTL_ENABLE_DEBUG_INFO = INCLUDE_SOURCE;
				MTL_FAST_MATH = YES;
				ONLY_ACTIVE_ARCH = YES;
				SDKROOT = iphoneos;
			};
			name = Debug;
		};
		A530CAD32216E5AC002492DC /* Release */ = {
			isa = XCBuildConfiguration;
			buildSettings = {
				ALWAYS_SEARCH_USER_PATHS = NO;
				CLANG_ANALYZER_NONNULL = YES;
				CLANG_ANALYZER_NUMBER_OBJECT_CONVERSION = YES_AGGRESSIVE;
				CLANG_CXX_LANGUAGE_STANDARD = "gnu++14";
				CLANG_CXX_LIBRARY = "libc++";
				CLANG_ENABLE_MODULES = YES;
				CLANG_ENABLE_OBJC_ARC = YES;
				CLANG_ENABLE_OBJC_WEAK = YES;
				CLANG_WARN_BLOCK_CAPTURE_AUTORELEASING = YES;
				CLANG_WARN_BOOL_CONVERSION = YES;
				CLANG_WARN_COMMA = YES;
				CLANG_WARN_CONSTANT_CONVERSION = YES;
				CLANG_WARN_DEPRECATED_OBJC_IMPLEMENTATIONS = YES;
				CLANG_WARN_DIRECT_OBJC_ISA_USAGE = YES_ERROR;
				CLANG_WARN_DOCUMENTATION_COMMENTS = YES;
				CLANG_WARN_EMPTY_BODY = YES;
				CLANG_WARN_ENUM_CONVERSION = YES;
				CLANG_WARN_INFINITE_RECURSION = YES;
				CLANG_WARN_INT_CONVERSION = YES;
				CLANG_WARN_NON_LITERAL_NULL_CONVERSION = YES;
				CLANG_WARN_OBJC_IMPLICIT_RETAIN_SELF = YES;
				CLANG_WARN_OBJC_LITERAL_CONVERSION = YES;
				CLANG_WARN_OBJC_ROOT_CLASS = YES_ERROR;
				CLANG_WARN_RANGE_LOOP_ANALYSIS = YES;
				CLANG_WARN_STRICT_PROTOTYPES = YES;
				CLANG_WARN_SUSPICIOUS_MOVE = YES;
				CLANG_WARN_UNGUARDED_AVAILABILITY = YES_AGGRESSIVE;
				CLANG_WARN_UNREACHABLE_CODE = YES;
				CLANG_WARN__DUPLICATE_METHOD_MATCH = YES;
				CODE_SIGN_IDENTITY = "iPhone Developer";
				COPY_PHASE_STRIP = NO;
				DEBUG_INFORMATION_FORMAT = "dwarf-with-dsym";
				ENABLE_NS_ASSERTIONS = NO;
				ENABLE_STRICT_OBJC_MSGSEND = YES;
				GCC_C_LANGUAGE_STANDARD = gnu11;
				GCC_NO_COMMON_BLOCKS = YES;
				GCC_WARN_64_TO_32_BIT_CONVERSION = YES;
				GCC_WARN_ABOUT_RETURN_TYPE = YES_ERROR;
				GCC_WARN_UNDECLARED_SELECTOR = YES;
				GCC_WARN_UNINITIALIZED_AUTOS = YES_AGGRESSIVE;
				GCC_WARN_UNUSED_FUNCTION = YES;
				GCC_WARN_UNUSED_VARIABLE = YES;
				IPHONEOS_DEPLOYMENT_TARGET = 12.1;
				MTL_ENABLE_DEBUG_INFO = NO;
				MTL_FAST_MATH = YES;
				SDKROOT = iphoneos;
				VALIDATE_PRODUCT = YES;
			};
			name = Release;
		};
		A530CAD52216E5AC002492DC /* Debug */ = {
			isa = XCBuildConfiguration;
			buildSettings = {
				ASSETCATALOG_COMPILER_APPICON_NAME = AppIcon;
				CODE_SIGN_STYLE = Automatic;
				INFOPLIST_FILE = AsyncSocketiOS/Info.plist;
				LD_RUNPATH_SEARCH_PATHS = (
					"$(inherited)",
					"@executable_path/Frameworks",
				);
				PRODUCT_BUNDLE_IDENTIFIER = shuqy.AsyncSocketiOS;
				PRODUCT_NAME = "$(TARGET_NAME)";
				TARGETED_DEVICE_FAMILY = "1,2";
			};
			name = Debug;
		};
		A530CAD62216E5AC002492DC /* Release */ = {
			isa = XCBuildConfiguration;
			buildSettings = {
				ASSETCATALOG_COMPILER_APPICON_NAME = AppIcon;
				CODE_SIGN_STYLE = Automatic;
				INFOPLIST_FILE = AsyncSocketiOS/Info.plist;
				LD_RUNPATH_SEARCH_PATHS = (
					"$(inherited)",
					"@executable_path/Frameworks",
				);
				PRODUCT_BUNDLE_IDENTIFIER = shuqy.AsyncSocketiOS;
				PRODUCT_NAME = "$(TARGET_NAME)";
				TARGETED_DEVICE_FAMILY = "1,2";
			};
			name = Release;
		};
		A530CAD82216E5AC002492DC /* Debug */ = {
			isa = XCBuildConfiguration;
			buildSettings = {
				BUNDLE_LOADER = "$(TEST_HOST)";
				CODE_SIGN_STYLE = Automatic;
				INFOPLIST_FILE = AsyncSocketiOSTests/Info.plist;
				LD_RUNPATH_SEARCH_PATHS = (
					"$(inherited)",
					"@executable_path/Frameworks",
					"@loader_path/Frameworks",
				);
				PRODUCT_BUNDLE_IDENTIFIER = shuqy.AsyncSocketiOSTests;
				PRODUCT_NAME = "$(TARGET_NAME)";
				TARGETED_DEVICE_FAMILY = "1,2";
				TEST_HOST = "$(BUILT_PRODUCTS_DIR)/AsyncSocketiOS.app/AsyncSocketiOS";
			};
			name = Debug;
		};
		A530CAD92216E5AC002492DC /* Release */ = {
			isa = XCBuildConfiguration;
			buildSettings = {
				BUNDLE_LOADER = "$(TEST_HOST)";
				CODE_SIGN_STYLE = Automatic;
				INFOPLIST_FILE = AsyncSocketiOSTests/Info.plist;
				LD_RUNPATH_SEARCH_PATHS = (
					"$(inherited)",
					"@executable_path/Frameworks",
					"@loader_path/Frameworks",
				);
				PRODUCT_BUNDLE_IDENTIFIER = shuqy.AsyncSocketiOSTests;
				PRODUCT_NAME = "$(TARGET_NAME)";
				TARGETED_DEVICE_FAMILY = "1,2";
				TEST_HOST = "$(BUILT_PRODUCTS_DIR)/AsyncSocketiOS.app/AsyncSocketiOS";
			};
			name = Release;
		};
		A530CADB2216E5AC002492DC /* Debug */ = {
			isa = XCBuildConfiguration;
			buildSettings = {
				CODE_SIGN_STYLE = Automatic;
				INFOPLIST_FILE = AsyncSocketiOSUITests/Info.plist;
				LD_RUNPATH_SEARCH_PATHS = (
					"$(inherited)",
					"@executable_path/Frameworks",
					"@loader_path/Frameworks",
				);
				PRODUCT_BUNDLE_IDENTIFIER = shuqy.AsyncSocketiOSUITests;
				PRODUCT_NAME = "$(TARGET_NAME)";
				TARGETED_DEVICE_FAMILY = "1,2";
				TEST_TARGET_NAME = AsyncSocketiOS;
			};
			name = Debug;
		};
		A530CADC2216E5AC002492DC /* Release */ = {
			isa = XCBuildConfiguration;
			buildSettings = {
				CODE_SIGN_STYLE = Automatic;
				INFOPLIST_FILE = AsyncSocketiOSUITests/Info.plist;
				LD_RUNPATH_SEARCH_PATHS = (
					"$(inherited)",
					"@executable_path/Frameworks",
					"@loader_path/Frameworks",
				);
				PRODUCT_BUNDLE_IDENTIFIER = shuqy.AsyncSocketiOSUITests;
				PRODUCT_NAME = "$(TARGET_NAME)";
				TARGETED_DEVICE_FAMILY = "1,2";
				TEST_TARGET_NAME = AsyncSocketiOS;
			};
			name = Release;
		};
/* End XCBuildConfiguration section */

/* Begin XCConfigurationList section */
		A530CAA32216E5AA002492DC /* Build configuration list for PBXProject "AsyncSocketiOS" */ = {
			isa = XCConfigurationList;
			buildConfigurations = (
				A530CAD22216E5AC002492DC /* Debug */,
				A530CAD32216E5AC002492DC /* Release */,
			);
			defaultConfigurationIsVisible = 0;
			defaultConfigurationName = Release;
		};
		A530CAD42216E5AC002492DC /* Build configuration list for PBXNativeTarget "AsyncSocketiOS" */ = {
			isa = XCConfigurationList;
			buildConfigurations = (
				A530CAD52216E5AC002492DC /* Debug */,
				A530CAD62216E5AC002492DC /* Release */,
			);
			defaultConfigurationIsVisible = 0;
			defaultConfigurationName = Release;
		};
		A530CAD72216E5AC002492DC /* Build configuration list for PBXNativeTarget "AsyncSocketiOSTests" */ = {
			isa = XCConfigurationList;
			buildConfigurations = (
				A530CAD82216E5AC002492DC /* Debug */,
				A530CAD92216E5AC002492DC /* Release */,
			);
			defaultConfigurationIsVisible = 0;
			defaultConfigurationName = Release;
		};
		A530CADA2216E5AC002492DC /* Build configuration list for PBXNativeTarget "AsyncSocketiOSUITests" */ = {
			isa = XCConfigurationList;
			buildConfigurations = (
				A530CADB2216E5AC002492DC /* Debug */,
				A530CADC2216E5AC002492DC /* Release */,
			);
			defaultConfigurationIsVisible = 0;
			defaultConfigurationName = Release;
		};
/* End XCConfigurationList section */
	};
	rootObject = A530CAA02216E5AA002492DC /* Project object */;
}
